
Microsoft Visual Studio Solution File, Format Version 12.00
# Visual Studio 15
VisualStudioVersion = 15.0.27703.2042
MinimumVisualStudioVersion = 10.0.40219.1
Project("{9A19103F-16F7-4668-BE54-9A1E7A4F7556}") = "empire", "empire.csproj", "{F29E2CFE-31BF-4498-A4EC-C7F84B1A6167}"
EndProject
Global
	GlobalSection(SolutionConfigurationPlatforms) = preSolution
		Debug|Any CPU = Debug|Any CPU
		Release|Any CPU = Release|Any CPU
	EndGlobalSection
	GlobalSection(ProjectConfigurationPlatforms) = postSolution
		{F29E2CFE-31BF-4498-A4EC-C7F84B1A6167}.Debug|Any CPU.ActiveCfg = Debug|Any CPU
		{F29E2CFE-31BF-4498-A4EC-C7F84B1A6167}.Debug|Any CPU.Build.0 = Debug|Any CPU
		{F29E2CFE-31BF-4498-A4EC-C7F84B1A6167}.Release|Any CPU.ActiveCfg = Release|Any CPU
		{F29E2CFE-31BF-4498-A4EC-C7F84B1A6167}.Release|Any CPU.Build.0 = Release|Any CPU
	EndGlobalSection
	GlobalSection(SolutionProperties) = preSolution
		HideSolutionNode = FALSE
	EndGlobalSection
	GlobalSection(ExtensibilityGlobals) = postSolution
		SolutionGuid = {037B7E1A-5080-4377-ADFD-85C3A0D42BE5}
	EndGlobalSection
EndGlobal
